// !$*UTF8*$!
{
	archiveVersion = 1;
	classes = {
	};
	objectVersion = 50;
	objects = {

/* Begin PBXFileReference section */
		E9125FBA24B7FE1C000B5CF1 /* GeoFunctionCoordinateSource.java */ = {isa = PBXFileReference; fileEncoding = 4; lastKnownFileType = sourcecode.java; path = GeoFunctionCoordinateSource.java; sourceTree = "<group>"; };
		E9125FBB24B9001B000B5CF1 /* WebMap.java */ = {isa = PBXFileReference; fileEncoding = 4; lastKnownFileType = sourcecode.java; path = WebMap.java; sourceTree = "<group>"; };
		E9125FBC24B9001B000B5CF1 /* SimpleWebMap.java */ = {isa = PBXFileReference; fileEncoding = 4; lastKnownFileType = sourcecode.java; path = SimpleWebMap.java; sourceTree = "<group>"; };
		E9125FBD24BE5CFA000B5CF1 /* WebMapDataSource.java */ = {isa = PBXFileReference; lastKnownFileType = sourcecode.java; path = WebMapDataSource.java; sourceTree = "<group>"; };
		E9125FBE24BE93EF000B5CF1 /* WebMapCoordinateSource.java */ = {isa = PBXFileReference; lastKnownFileType = sourcecode.java; path = WebMapCoordinateSource.java; sourceTree = "<group>"; };
		E9125FBF24BED719000B5CF1 /* ColorTileWriter.java */ = {isa = PBXFileReference; lastKnownFileType = sourcecode.java; path = ColorTileWriter.java; sourceTree = "<group>"; };
		E9125FC024BEDEB5000B5CF1 /* DataConverter.java */ = {isa = PBXFileReference; lastKnownFileType = sourcecode.java; path = DataConverter.java; sourceTree = "<group>"; };
		E9125FC124BEF064000B5CF1 /* DoubleToColorConverter.java */ = {isa = PBXFileReference; lastKnownFileType = sourcecode.java; path = DoubleToColorConverter.java; sourceTree = "<group>"; };
		E9125FC224BEF515000B5CF1 /* IntegerPassThroughConverter.java */ = {isa = PBXFileReference; lastKnownFileType = sourcecode.java; path = IntegerPassThroughConverter.java; sourceTree = "<group>"; };
		E93B71B424AD21D4001CDBC4 /* shapefilereader-1.0.jar */ = {isa = PBXFileReference; lastKnownFileType = archive.jar; path = "shapefilereader-1.0.jar"; sourceTree = "<group>"; };
		E93B71B524AD21D4001CDBC4 /* slf4j-nop-1.7.9.jar */ = {isa = PBXFileReference; lastKnownFileType = archive.jar; path = "slf4j-nop-1.7.9.jar"; sourceTree = "<group>"; };
		E93B71B624AD21D4001CDBC4 /* javadbf-1.10.1.jar */ = {isa = PBXFileReference; lastKnownFileType = archive.jar; path = "javadbf-1.10.1.jar"; sourceTree = "<group>"; };
		E93B71B724AD21D4001CDBC4 /* netcdfAll-5.3.2.jar */ = {isa = PBXFileReference; lastKnownFileType = archive.jar; path = "netcdfAll-5.3.2.jar"; sourceTree = "<group>"; };
		E93B73D224AD21E4001CDBC4 /* module-info.java */ = {isa = PBXFileReference; fileEncoding = 4; lastKnownFileType = sourcecode.java; path = "module-info.java"; sourceTree = "<group>"; };
		E93B73D624AD21E4001CDBC4 /* Dataset.java */ = {isa = PBXFileReference; fileEncoding = 4; lastKnownFileType = sourcecode.java; path = Dataset.java; sourceTree = "<group>"; };
		E93B73D824AD21E4001CDBC4 /* TiledImageMeshFactory.java */ = {isa = PBXFileReference; fileEncoding = 4; lastKnownFileType = sourcecode.java; path = TiledImageMeshFactory.java; sourceTree = "<group>"; };
		E93B73D924AD21E4001CDBC4 /* ImageDataSource.java */ = {isa = PBXFileReference; fileEncoding = 4; lastKnownFileType = sourcecode.java; path = ImageDataSource.java; sourceTree = "<group>"; };
		E93B73DA24AD21E4001CDBC4 /* ImageAccessResult.java */ = {isa = PBXFileReference; fileEncoding = 4; lastKnownFileType = sourcecode.java; path = ImageAccessResult.java; sourceTree = "<group>"; };
		E93B73DB24AD21E4001CDBC4 /* TiledImageTextureFactory.java */ = {isa = PBXFileReference; fileEncoding = 4; lastKnownFileType = sourcecode.java; path = TiledImageTextureFactory.java; sourceTree = "<group>"; };
		E93B73DC24AD21E4001CDBC4 /* DynamicSurface.java */ = {isa = PBXFileReference; fileEncoding = 4; lastKnownFileType = sourcecode.java; path = DynamicSurface.java; sourceTree = "<group>"; };
		E93B73DD24AD21E4001CDBC4 /* Helpers.java */ = {isa = PBXFileReference; fileEncoding = 4; lastKnownFileType = sourcecode.java; path = Helpers.java; sourceTree = "<group>"; };
		E93B73DE24AD21E4001CDBC4 /* SphereFunctions.java */ = {isa = PBXFileReference; fileEncoding = 4; lastKnownFileType = sourcecode.java; path = SphereFunctions.java; sourceTree = "<group>"; };
		E93B73DF24AD21E4001CDBC4 /* NetCDFDataSource.java */ = {isa = PBXFileReference; fileEncoding = 4; lastKnownFileType = sourcecode.java; path = NetCDFDataSource.java; sourceTree = "<group>"; };
		E93B73E024AD21E4001CDBC4 /* ComponentTileWriter.java */ = {isa = PBXFileReference; fileEncoding = 4; lastKnownFileType = sourcecode.java; path = ComponentTileWriter.java; sourceTree = "<group>"; };
		E93B73E124AD21E4001CDBC4 /* ImageTiling.java */ = {isa = PBXFileReference; fileEncoding = 4; lastKnownFileType = sourcecode.java; path = ImageTiling.java; sourceTree = "<group>"; };
		E93B73E224AD21E4001CDBC4 /* MeshObjectFactory.java */ = {isa = PBXFileReference; fileEncoding = 4; lastKnownFileType = sourcecode.java; path = MeshObjectFactory.java; sourceTree = "<group>"; };
		E93B73E324AD21E4001CDBC4 /* RowIterator.java */ = {isa = PBXFileReference; fileEncoding = 4; lastKnownFileType = sourcecode.java; path = RowIterator.java; sourceTree = "<group>"; };
		E93B73E424AD21E4001CDBC4 /* TextureFactory.java */ = {isa = PBXFileReference; fileEncoding = 4; lastKnownFileType = sourcecode.java; path = TextureFactory.java; sourceTree = "<group>"; };
		E93B73E524AD21E4001CDBC4 /* WorldTester.java */ = {isa = PBXFileReference; fileEncoding = 4; lastKnownFileType = sourcecode.java; path = WorldTester.java; sourceTree = "<group>"; };
		E93B73E624AD21E4001CDBC4 /* Vertigo.java */ = {isa = PBXFileReference; fileEncoding = 4; lastKnownFileType = sourcecode.java; path = Vertigo.java; sourceTree = "<group>"; };
		E93B73E724AD21E4001CDBC4 /* LevelOfDetailFactory.java */ = {isa = PBXFileReference; fileEncoding = 4; lastKnownFileType = sourcecode.java; path = LevelOfDetailFactory.java; sourceTree = "<group>"; };
		E93B73E824AD21E4001CDBC4 /* SphereTranslator.java */ = {isa = PBXFileReference; fileEncoding = 4; lastKnownFileType = sourcecode.java; path = SphereTranslator.java; sourceTree = "<group>"; };
		E93B73E924AD21E4001CDBC4 /* Facet.java */ = {isa = PBXFileReference; fileEncoding = 4; lastKnownFileType = sourcecode.java; path = Facet.java; sourceTree = "<group>"; };
		E93B73EA24AD21E4001CDBC4 /* WorldView.java */ = {isa = PBXFileReference; fileEncoding = 4; lastKnownFileType = sourcecode.java; path = WorldView.java; sourceTree = "<group>"; };
		E93B73EB24AD21E4001CDBC4 /* ImageCoordinateSource.java */ = {isa = PBXFileReference; fileEncoding = 4; lastKnownFileType = sourcecode.java; path = ImageCoordinateSource.java; sourceTree = "<group>"; };
		E93B73EC24AD21E4001CDBC4 /* ViewProperties.java */ = {isa = PBXFileReference; fileEncoding = 4; lastKnownFileType = sourcecode.java; path = ViewProperties.java; sourceTree = "<group>"; };
		E93B73ED24AD21E4001CDBC4 /* ImageCoordinateIterator.java */ = {isa = PBXFileReference; fileEncoding = 4; lastKnownFileType = sourcecode.java; path = ImageCoordinateIterator.java; sourceTree = "<group>"; };
		E93B73EE24AD21E5001CDBC4 /* ImageTileWriter.java */ = {isa = PBXFileReference; fileEncoding = 4; lastKnownFileType = sourcecode.java; path = ImageTileWriter.java; sourceTree = "<group>"; };
		E93B73F024AD21E5001CDBC4 /* Frustum.java */ = {isa = PBXFileReference; fileEncoding = 4; lastKnownFileType = sourcecode.java; path = Frustum.java; sourceTree = "<group>"; };
		E93B73F124AD21E5001CDBC4 /* NetCDFDataset.java */ = {isa = PBXFileReference; fileEncoding = 4; lastKnownFileType = sourcecode.java; path = NetCDFDataset.java; sourceTree = "<group>"; };
		E93B73F224AD21E5001CDBC4 /* GeoDataCoordinateSource.java */ = {isa = PBXFileReference; fileEncoding = 4; lastKnownFileType = sourcecode.java; path = GeoDataCoordinateSource.java; sourceTree = "<group>"; };
		E93B73F324AD21E5001CDBC4 /* SceneOctTree.java */ = {isa = PBXFileReference; fileEncoding = 4; lastKnownFileType = sourcecode.java; path = SceneOctTree.java; sourceTree = "<group>"; };
		E93B73F524AD21E5001CDBC4 /* WorldController.java */ = {isa = PBXFileReference; fileEncoding = 4; lastKnownFileType = sourcecode.java; path = WorldController.java; sourceTree = "<group>"; };
		E93B73F624AD21E5001CDBC4 /* GeoCoordinateTranslator.java */ = {isa = PBXFileReference; fileEncoding = 4; lastKnownFileType = sourcecode.java; path = GeoCoordinateTranslator.java; sourceTree = "<group>"; };
		E93B73F724AD21E5001CDBC4 /* NodeFactory.java */ = {isa = PBXFileReference; fileEncoding = 4; lastKnownFileType = sourcecode.java; path = NodeFactory.java; sourceTree = "<group>"; };
		E93B73F824AD21E5001CDBC4 /* ImageTile.java */ = {isa = PBXFileReference; fileEncoding = 4; lastKnownFileType = sourcecode.java; path = ImageTile.java; sourceTree = "<group>"; };
		E93B73F924AD21E5001CDBC4 /* TiledImageFacetDataSource.java */ = {isa = PBXFileReference; fileEncoding = 4; lastKnownFileType = sourcecode.java; path = TiledImageFacetDataSource.java; sourceTree = "<group>"; };
		E93B73FA24AD21E5001CDBC4 /* FacetDataSource.java */ = {isa = PBXFileReference; fileEncoding = 4; lastKnownFileType = sourcecode.java; path = FacetDataSource.java; sourceTree = "<group>"; };
		E93B73FB24AD21E5001CDBC4 /* Plane.java */ = {isa = PBXFileReference; fileEncoding = 4; lastKnownFileType = sourcecode.java; path = Plane.java; sourceTree = "<group>"; };
		E93B73FC24AD21E5001CDBC4 /* ImageTilingTree.java */ = {isa = PBXFileReference; fileEncoding = 4; lastKnownFileType = sourcecode.java; path = ImageTilingTree.java; sourceTree = "<group>"; };
		E93B73FD24AD21E5001CDBC4 /* DynamicNode.java */ = {isa = PBXFileReference; fileEncoding = 4; lastKnownFileType = sourcecode.java; path = DynamicNode.java; sourceTree = "<group>"; };
		E93B73FE24AD21E5001CDBC4 /* ImageAccess.java */ = {isa = PBXFileReference; fileEncoding = 4; lastKnownFileType = sourcecode.java; path = ImageAccess.java; sourceTree = "<group>"; };
		E93B73FF24AD21E5001CDBC4 /* MeshFactory.java */ = {isa = PBXFileReference; fileEncoding = 4; lastKnownFileType = sourcecode.java; path = MeshFactory.java; sourceTree = "<group>"; };
		E93B740024AD21E5001CDBC4 /* WorldModel.java */ = {isa = PBXFileReference; fileEncoding = 4; lastKnownFileType = sourcecode.java; path = WorldModel.java; sourceTree = "<group>"; };
		E93B744124AD2232001CDBC4 /* build.xml */ = {isa = PBXFileReference; fileEncoding = 4; lastKnownFileType = text.xml; path = build.xml; sourceTree = "<group>"; };
		E93B744A24AD2473001CDBC4 /* logging.properties */ = {isa = PBXFileReference; fileEncoding = 4; lastKnownFileType = text; path = logging.properties; sourceTree = "<group>"; };
		E93BA44F24FDC974009455F1 /* earth2-16.png */ = {isa = PBXFileReference; lastKnownFileType = image.png; path = "earth2-16.png"; sourceTree = "<group>"; };
		E93BA45024FDC974009455F1 /* software_128x128.png */ = {isa = PBXFileReference; lastKnownFileType = image.png; path = software_128x128.png; sourceTree = "<group>"; };
		E93BA45124FDC974009455F1 /* software.icns */ = {isa = PBXFileReference; lastKnownFileType = image.icns; path = software.icns; sourceTree = "<group>"; };
		E93BA45224FDC974009455F1 /* software_64x64.png */ = {isa = PBXFileReference; lastKnownFileType = image.png; path = software_64x64.png; sourceTree = "<group>"; };
		E93BA45324FDC974009455F1 /* earth2-256.png */ = {isa = PBXFileReference; lastKnownFileType = image.png; path = "earth2-256.png"; sourceTree = "<group>"; };
		E93BA45424FDC974009455F1 /* software.ico */ = {isa = PBXFileReference; lastKnownFileType = image.ico; path = software.ico; sourceTree = "<group>"; };
		E93BA45524FDC974009455F1 /* software_32x32.png */ = {isa = PBXFileReference; lastKnownFileType = image.png; path = software_32x32.png; sourceTree = "<group>"; };
		E93BA45624FDC974009455F1 /* earth2-128.png */ = {isa = PBXFileReference; lastKnownFileType = image.png; path = "earth2-128.png"; sourceTree = "<group>"; };
		E93BA45724FDC974009455F1 /* earth2-32.png */ = {isa = PBXFileReference; lastKnownFileType = image.png; path = "earth2-32.png"; sourceTree = "<group>"; };
		E93BA45824FDC974009455F1 /* earth2-512.png */ = {isa = PBXFileReference; lastKnownFileType = image.png; path = "earth2-512.png"; sourceTree = "<group>"; };
		E93BA45924FDC974009455F1 /* earth2.icns */ = {isa = PBXFileReference; lastKnownFileType = image.icns; path = earth2.icns; sourceTree = "<group>"; };
		E93BA45A24FDC974009455F1 /* earth2.ico */ = {isa = PBXFileReference; lastKnownFileType = image.ico; path = earth2.ico; sourceTree = "<group>"; };
		E93BA45B24FDC974009455F1 /* vertigo.install4j */ = {isa = PBXFileReference; fileEncoding = 4; lastKnownFileType = text.xml; path = vertigo.install4j; sourceTree = "<group>"; };
		E959983724E1EC8100C87F6D /* question@2x.png */ = {isa = PBXFileReference; lastKnownFileType = image.png; path = "question@2x.png"; sourceTree = "<group>"; };
		E959983824E1EC8200C87F6D /* question.png */ = {isa = PBXFileReference; lastKnownFileType = image.png; path = question.png; sourceTree = "<group>"; };
		E959983924E206CC00C87F6D /* help.txt */ = {isa = PBXFileReference; lastKnownFileType = text; path = help.txt; sourceTree = "<group>"; };
		E959983B24ECF09A00C87F6D /* demo.vrtx */ = {isa = PBXFileReference; fileEncoding = 4; lastKnownFileType = text.xml; path = demo.vrtx; sourceTree = "<group>"; };
		E96A8BEF24CD34A300BDD06E /* Project.java */ = {isa = PBXFileReference; lastKnownFileType = sourcecode.java; path = Project.java; sourceTree = "<group>"; };
		E96A8BF124CD373500BDD06E /* ProjectObjectBuilder.java */ = {isa = PBXFileReference; lastKnownFileType = sourcecode.java; path = ProjectObjectBuilder.java; sourceTree = "<group>"; };
		E96A8BF224CD6E9700BDD06E /* GeoSurfaceFactory.java */ = {isa = PBXFileReference; lastKnownFileType = sourcecode.java; path = GeoSurfaceFactory.java; sourceTree = "<group>"; };
		E96A8BF324CEA81D00BDD06E /* DatasetSurfaceFactory.java */ = {isa = PBXFileReference; lastKnownFileType = sourcecode.java; path = DatasetSurfaceFactory.java; sourceTree = "<group>"; };
		E96A8BF424D14F5900BDD06E /* GeoSurfaceFactoryBuilder.java */ = {isa = PBXFileReference; lastKnownFileType = sourcecode.java; path = GeoSurfaceFactoryBuilder.java; sourceTree = "<group>"; };
		E96A8BF524D1554600BDD06E /* BaseProjectObjectBuilder.java */ = {isa = PBXFileReference; lastKnownFileType = sourcecode.java; path = BaseProjectObjectBuilder.java; sourceTree = "<group>"; };
		E96A8BF624D16D1200BDD06E /* Palette.java */ = {isa = PBXFileReference; lastKnownFileType = sourcecode.java; path = Palette.java; sourceTree = "<group>"; };
		E96A8BF724D175CA00BDD06E /* WebMapSurfaceFactory.java */ = {isa = PBXFileReference; lastKnownFileType = sourcecode.java; path = WebMapSurfaceFactory.java; sourceTree = "<group>"; };
		E96A8BF824D407DD00BDD06E /* GeoSurfaceViewContext.java */ = {isa = PBXFileReference; lastKnownFileType = sourcecode.java; path = GeoSurfaceViewContext.java; sourceTree = "<group>"; };
		E96A8BF924D5399700BDD06E /* ProjectObject.java */ = {isa = PBXFileReference; lastKnownFileType = sourcecode.java; path = ProjectObject.java; sourceTree = "<group>"; };
		E96A8BFA24D53A3100BDD06E /* ProjectViewObject.java */ = {isa = PBXFileReference; lastKnownFileType = sourcecode.java; path = ProjectViewObject.java; sourceTree = "<group>"; };
		E96A8BFB24D53DD500BDD06E /* BaseProjectViewObject.java */ = {isa = PBXFileReference; lastKnownFileType = sourcecode.java; path = BaseProjectViewObject.java; sourceTree = "<group>"; };
		E96A8BFC24D6973F00BDD06E /* GeoSurfaceHandler.java */ = {isa = PBXFileReference; lastKnownFileType = sourcecode.java; path = GeoSurfaceHandler.java; sourceTree = "<group>"; };
		E96A8BFD24D7784600BDD06E /* PaletteBuilder.java */ = {isa = PBXFileReference; lastKnownFileType = sourcecode.java; path = PaletteBuilder.java; sourceTree = "<group>"; };
		E96A8BFE24D77CAB00BDD06E /* Ocean-ice.xml */ = {isa = PBXFileReference; fileEncoding = 4; lastKnownFileType = text.xml; path = "Ocean-ice.xml"; sourceTree = "<group>"; };
		E96A8BFF24D77CAB00BDD06E /* Ocean-dense.xml */ = {isa = PBXFileReference; fileEncoding = 4; lastKnownFileType = text.xml; path = "Ocean-dense.xml"; sourceTree = "<group>"; };
		E96A8C0024D77CAB00BDD06E /* Ocean-algae.xml */ = {isa = PBXFileReference; fileEncoding = 4; lastKnownFileType = text.xml; path = "Ocean-algae.xml"; sourceTree = "<group>"; };
		E96A8C0124D77CAB00BDD06E /* NCCOS-chla.xml */ = {isa = PBXFileReference; fileEncoding = 4; lastKnownFileType = text.xml; path = "NCCOS-chla.xml"; sourceTree = "<group>"; };
		E96A8C0224D77CAB00BDD06E /* Ocean-delta.xml */ = {isa = PBXFileReference; fileEncoding = 4; lastKnownFileType = text.xml; path = "Ocean-delta.xml"; sourceTree = "<group>"; };
		E96A8C0324D77CAB00BDD06E /* Ocean-speed.xml */ = {isa = PBXFileReference; fileEncoding = 4; lastKnownFileType = text.xml; path = "Ocean-speed.xml"; sourceTree = "<group>"; };
		E96A8C0424D77CAB00BDD06E /* Ocean-tempo.xml */ = {isa = PBXFileReference; fileEncoding = 4; lastKnownFileType = text.xml; path = "Ocean-tempo.xml"; sourceTree = "<group>"; };
		E96A8C0524D77CAB00BDD06E /* Ocean-phase.xml */ = {isa = PBXFileReference; fileEncoding = 4; lastKnownFileType = text.xml; path = "Ocean-phase.xml"; sourceTree = "<group>"; };
		E96A8C0624D77CAB00BDD06E /* Ocean-matter.xml */ = {isa = PBXFileReference; fileEncoding = 4; lastKnownFileType = text.xml; path = "Ocean-matter.xml"; sourceTree = "<group>"; };
		E96A8C0724D77CAB00BDD06E /* Blue-red.xml */ = {isa = PBXFileReference; fileEncoding = 4; lastKnownFileType = text.xml; path = "Blue-red.xml"; sourceTree = "<group>"; };
		E96A8C0824D77CAB00BDD06E /* BW-Linear.xml */ = {isa = PBXFileReference; fileEncoding = 4; lastKnownFileType = text.xml; path = "BW-Linear.xml"; sourceTree = "<group>"; };
		E96A8C0924D77CAB00BDD06E /* Ocean-balance.xml */ = {isa = PBXFileReference; fileEncoding = 4; lastKnownFileType = text.xml; path = "Ocean-balance.xml"; sourceTree = "<group>"; };
		E96A8C0A24D77CAC00BDD06E /* Ocean-amp.xml */ = {isa = PBXFileReference; fileEncoding = 4; lastKnownFileType = text.xml; path = "Ocean-amp.xml"; sourceTree = "<group>"; };
		E96A8C0B24D77CAC00BDD06E /* Ocean-curl.xml */ = {isa = PBXFileReference; fileEncoding = 4; lastKnownFileType = text.xml; path = "Ocean-curl.xml"; sourceTree = "<group>"; };
		E96A8C0C24D77CAC00BDD06E /* Ocean-thermal.xml */ = {isa = PBXFileReference; fileEncoding = 4; lastKnownFileType = text.xml; path = "Ocean-thermal.xml"; sourceTree = "<group>"; };
		E96A8C0D24D77CAC00BDD06E /* Ocean-topo.xml */ = {isa = PBXFileReference; fileEncoding = 4; lastKnownFileType = text.xml; path = "Ocean-topo.xml"; sourceTree = "<group>"; };
		E96A8C0E24D77CAC00BDD06E /* Ocean-turbid.xml */ = {isa = PBXFileReference; fileEncoding = 4; lastKnownFileType = text.xml; path = "Ocean-turbid.xml"; sourceTree = "<group>"; };
		E96A8C0F24D77CAC00BDD06E /* HSL256.xml */ = {isa = PBXFileReference; fileEncoding = 4; lastKnownFileType = text.xml; path = HSL256.xml; sourceTree = "<group>"; };
		E96A8C1024D77CAC00BDD06E /* Ocean-solar.xml */ = {isa = PBXFileReference; fileEncoding = 4; lastKnownFileType = text.xml; path = "Ocean-solar.xml"; sourceTree = "<group>"; };
		E96A8C1124D77CAC00BDD06E /* Wind-0-50.xml */ = {isa = PBXFileReference; fileEncoding = 4; lastKnownFileType = text.xml; path = "Wind-0-50.xml"; sourceTree = "<group>"; };
		E96A8C1224D77CAC00BDD06E /* Ocean-oxy.xml */ = {isa = PBXFileReference; fileEncoding = 4; lastKnownFileType = text.xml; path = "Ocean-oxy.xml"; sourceTree = "<group>"; };
		E96A8C1324D77CAC00BDD06E /* Ocean-haline.xml */ = {isa = PBXFileReference; fileEncoding = 4; lastKnownFileType = text.xml; path = "Ocean-haline.xml"; sourceTree = "<group>"; };
		E96A8C1424D77CAC00BDD06E /* Ocean-gray.xml */ = {isa = PBXFileReference; fileEncoding = 4; lastKnownFileType = text.xml; path = "Ocean-gray.xml"; sourceTree = "<group>"; };
		E96A8C1524D77CAC00BDD06E /* Ocean-deep.xml */ = {isa = PBXFileReference; fileEncoding = 4; lastKnownFileType = text.xml; path = "Ocean-deep.xml"; sourceTree = "<group>"; };
		E96A8C1624D7F30D00BDD06E /* Area.java */ = {isa = PBXFileReference; lastKnownFileType = sourcecode.java; path = Area.java; sourceTree = "<group>"; };
		E96A8C1724D7F4D900BDD06E /* AreaBuilder.java */ = {isa = PBXFileReference; lastKnownFileType = sourcecode.java; path = AreaBuilder.java; sourceTree = "<group>"; };
		E96A8C1824DA750E00BDD06E /* ProjectController.java */ = {isa = PBXFileReference; lastKnownFileType = sourcecode.java; path = ProjectController.java; sourceTree = "<group>"; };
		E9EF73A924C4BA5000E1A684 /* styles.css */ = {isa = PBXFileReference; lastKnownFileType = text.css; path = styles.css; sourceTree = "<group>"; };
/* End PBXFileReference section */

/* Begin PBXGroup section */
		E93B71A824AD2145001CDBC4 = {
			isa = PBXGroup;
			children = (
				E93B744124AD2232001CDBC4 /* build.xml */,
				E93B744A24AD2473001CDBC4 /* logging.properties */,
				E93BA45B24FDC974009455F1 /* vertigo.install4j */,
				E93BA44E24FDC974009455F1 /* icons */,
				E93B71B324AD21D4001CDBC4 /* lib */,
				E93B73D024AD21E4001CDBC4 /* src */,
			);
			sourceTree = "<group>";
		};
		E93B71B324AD21D4001CDBC4 /* lib */ = {
			isa = PBXGroup;
			children = (
				E93B71B424AD21D4001CDBC4 /* shapefilereader-1.0.jar */,
				E93B71B524AD21D4001CDBC4 /* slf4j-nop-1.7.9.jar */,
				E93B71B624AD21D4001CDBC4 /* javadbf-1.10.1.jar */,
				E93B71B724AD21D4001CDBC4 /* netcdfAll-5.3.2.jar */,
			);
			path = lib;
			sourceTree = "<group>";
		};
		E93B73D024AD21E4001CDBC4 /* src */ = {
			isa = PBXGroup;
			children = (
				E93B73D124AD21E4001CDBC4 /* coastwatch.vertigo */,
			);
			path = src;
			sourceTree = "<group>";
		};
		E93B73D124AD21E4001CDBC4 /* coastwatch.vertigo */ = {
			isa = PBXGroup;
			children = (
				E93B73D224AD21E4001CDBC4 /* module-info.java */,
				E93B73D324AD21E4001CDBC4 /* noaa */,
				E9EF73A424C4B9E300E1A684 /* resources */,
			);
			path = coastwatch.vertigo;
			sourceTree = "<group>";
		};
		E93B73D324AD21E4001CDBC4 /* noaa */ = {
			isa = PBXGroup;
			children = (
				E93B73D424AD21E4001CDBC4 /* coastwatch */,
			);
			path = noaa;
			sourceTree = "<group>";
		};
		E93B73D424AD21E4001CDBC4 /* coastwatch */ = {
			isa = PBXGroup;
			children = (
				E93B73D524AD21E4001CDBC4 /* vertigo */,
			);
			path = coastwatch;
			sourceTree = "<group>";
		};
		E93B73D524AD21E4001CDBC4 /* vertigo */ = {
			isa = PBXGroup;
			children = (
				E96A8C1624D7F30D00BDD06E /* Area.java */,
				E96A8C1724D7F4D900BDD06E /* AreaBuilder.java */,
				E96A8BFB24D53DD500BDD06E /* BaseProjectViewObject.java */,
				E96A8BF524D1554600BDD06E /* BaseProjectObjectBuilder.java */,
				E9125FBF24BED719000B5CF1 /* ColorTileWriter.java */,
				E93B73E024AD21E4001CDBC4 /* ComponentTileWriter.java */,
				E9125FC024BEDEB5000B5CF1 /* DataConverter.java */,
				E93B73D624AD21E4001CDBC4 /* Dataset.java */,
				E96A8BF324CEA81D00BDD06E /* DatasetSurfaceFactory.java */,
				E9125FC124BEF064000B5CF1 /* DoubleToColorConverter.java */,
				E93B73FD24AD21E5001CDBC4 /* DynamicNode.java */,
				E93B73DC24AD21E4001CDBC4 /* DynamicSurface.java */,
				E93B73E924AD21E4001CDBC4 /* Facet.java */,
				E93B73FA24AD21E5001CDBC4 /* FacetDataSource.java */,
				E93B73F024AD21E5001CDBC4 /* Frustum.java */,
				E93B73F624AD21E5001CDBC4 /* GeoCoordinateTranslator.java */,
				E93B73F224AD21E5001CDBC4 /* GeoDataCoordinateSource.java */,
				E9125FBA24B7FE1C000B5CF1 /* GeoFunctionCoordinateSource.java */,
				E96A8BF224CD6E9700BDD06E /* GeoSurfaceFactory.java */,
				E96A8BF424D14F5900BDD06E /* GeoSurfaceFactoryBuilder.java */,
				E96A8BFC24D6973F00BDD06E /* GeoSurfaceHandler.java */,
				E96A8BF824D407DD00BDD06E /* GeoSurfaceViewContext.java */,
				E93B73DD24AD21E4001CDBC4 /* Helpers.java */,
				E93B73FE24AD21E5001CDBC4 /* ImageAccess.java */,
				E93B73DA24AD21E4001CDBC4 /* ImageAccessResult.java */,
				E93B73ED24AD21E4001CDBC4 /* ImageCoordinateIterator.java */,
				E93B73EB24AD21E4001CDBC4 /* ImageCoordinateSource.java */,
				E93B73D924AD21E4001CDBC4 /* ImageDataSource.java */,
				E93B73F824AD21E5001CDBC4 /* ImageTile.java */,
				E93B73EE24AD21E5001CDBC4 /* ImageTileWriter.java */,
				E93B73E124AD21E4001CDBC4 /* ImageTiling.java */,
				E93B73FC24AD21E5001CDBC4 /* ImageTilingTree.java */,
				E9125FC224BEF515000B5CF1 /* IntegerPassThroughConverter.java */,
				E93B73E724AD21E4001CDBC4 /* LevelOfDetailFactory.java */,
				E93B73FF24AD21E5001CDBC4 /* MeshFactory.java */,
				E93B73E224AD21E4001CDBC4 /* MeshObjectFactory.java */,
				E93B73DF24AD21E4001CDBC4 /* NetCDFDataSource.java */,
				E93B73F124AD21E5001CDBC4 /* NetCDFDataset.java */,
				E93B73F724AD21E5001CDBC4 /* NodeFactory.java */,
				E96A8BF624D16D1200BDD06E /* Palette.java */,
				E96A8BFD24D7784600BDD06E /* PaletteBuilder.java */,
				E93B73FB24AD21E5001CDBC4 /* Plane.java */,
				E96A8BEF24CD34A300BDD06E /* Project.java */,
				E96A8C1824DA750E00BDD06E /* ProjectController.java */,
				E96A8BF924D5399700BDD06E /* ProjectObject.java */,
				E96A8BFA24D53A3100BDD06E /* ProjectViewObject.java */,
				E96A8BF124CD373500BDD06E /* ProjectObjectBuilder.java */,
				E93B73E324AD21E4001CDBC4 /* RowIterator.java */,
				E93B73F324AD21E5001CDBC4 /* SceneOctTree.java */,
				E9125FBC24B9001B000B5CF1 /* SimpleWebMap.java */,
				E93B73DE24AD21E4001CDBC4 /* SphereFunctions.java */,
				E93B73E824AD21E4001CDBC4 /* SphereTranslator.java */,
				E93B73E424AD21E4001CDBC4 /* TextureFactory.java */,
				E93B73F924AD21E5001CDBC4 /* TiledImageFacetDataSource.java */,
				E93B73D824AD21E4001CDBC4 /* TiledImageMeshFactory.java */,
				E93B73DB24AD21E4001CDBC4 /* TiledImageTextureFactory.java */,
				E93B73E624AD21E4001CDBC4 /* Vertigo.java */,
				E93B73EC24AD21E4001CDBC4 /* ViewProperties.java */,
				E9125FBB24B9001B000B5CF1 /* WebMap.java */,
				E9125FBE24BE93EF000B5CF1 /* WebMapCoordinateSource.java */,
				E9125FBD24BE5CFA000B5CF1 /* WebMapDataSource.java */,
				E96A8BF724D175CA00BDD06E /* WebMapSurfaceFactory.java */,
				E93B73F524AD21E5001CDBC4 /* WorldController.java */,
				E93B740024AD21E5001CDBC4 /* WorldModel.java */,
				E93B73E524AD21E4001CDBC4 /* WorldTester.java */,
				E93B73EA24AD21E4001CDBC4 /* WorldView.java */,
			);
			path = vertigo;
			sourceTree = "<group>";
		};
		E93BA44E24FDC974009455F1 /* icons */ = {
			isa = PBXGroup;
			children = (
				E93BA44F24FDC974009455F1 /* earth2-16.png */,
				E93BA45024FDC974009455F1 /* software_128x128.png */,
				E93BA45124FDC974009455F1 /* software.icns */,
				E93BA45224FDC974009455F1 /* software_64x64.png */,
				E93BA45324FDC974009455F1 /* earth2-256.png */,
				E93BA45424FDC974009455F1 /* software.ico */,
				E93BA45524FDC974009455F1 /* software_32x32.png */,
				E93BA45624FDC974009455F1 /* earth2-128.png */,
				E93BA45724FDC974009455F1 /* earth2-32.png */,
				E93BA45824FDC974009455F1 /* earth2-512.png */,
				E93BA45924FDC974009455F1 /* earth2.icns */,
				E93BA45A24FDC974009455F1 /* earth2.ico */,
			);
			path = icons;
			sourceTree = "<group>";
		};
		E9EF73A424C4B9E300E1A684 /* resources */ = {
			isa = PBXGroup;
			children = (
				E9EF73A524C4B9E300E1A684 /* noaa */,
			);
			path = resources;
			sourceTree = "<group>";
		};
		E9EF73A524C4B9E300E1A684 /* noaa */ = {
			isa = PBXGroup;
			children = (
				E9EF73A624C4B9E300E1A684 /* coastwatch */,
			);
			path = noaa;
			sourceTree = "<group>";
		};
		E9EF73A624C4B9E300E1A684 /* coastwatch */ = {
			isa = PBXGroup;
			children = (
				E9EF73A724C4B9E300E1A684 /* vertigo */,
			);
			path = coastwatch;
			sourceTree = "<group>";
		};
		E9EF73A724C4B9E300E1A684 /* vertigo */ = {
			isa = PBXGroup;
			children = (
				E96A8C0724D77CAB00BDD06E /* Blue-red.xml */,
				E96A8C0824D77CAB00BDD06E /* BW-Linear.xml */,
				E959983B24ECF09A00C87F6D /* demo.vrtx */,
				E959983924E206CC00C87F6D /* help.txt */,
				E96A8C0F24D77CAC00BDD06E /* HSL256.xml */,
				E96A8C0124D77CAB00BDD06E /* NCCOS-chla.xml */,
				E96A8C0024D77CAB00BDD06E /* Ocean-algae.xml */,
				E96A8C0A24D77CAC00BDD06E /* Ocean-amp.xml */,
				E96A8C0924D77CAB00BDD06E /* Ocean-balance.xml */,
				E96A8C0B24D77CAC00BDD06E /* Ocean-curl.xml */,
				E96A8C1524D77CAC00BDD06E /* Ocean-deep.xml */,
				E96A8C0224D77CAB00BDD06E /* Ocean-delta.xml */,
				E96A8BFF24D77CAB00BDD06E /* Ocean-dense.xml */,
				E96A8C1424D77CAC00BDD06E /* Ocean-gray.xml */,
				E96A8C1324D77CAC00BDD06E /* Ocean-haline.xml */,
				E96A8BFE24D77CAB00BDD06E /* Ocean-ice.xml */,
				E96A8C0624D77CAB00BDD06E /* Ocean-matter.xml */,
				E96A8C1224D77CAC00BDD06E /* Ocean-oxy.xml */,
				E96A8C0524D77CAB00BDD06E /* Ocean-phase.xml */,
				E96A8C1024D77CAC00BDD06E /* Ocean-solar.xml */,
				E96A8C0324D77CAB00BDD06E /* Ocean-speed.xml */,
				E96A8C0424D77CAB00BDD06E /* Ocean-tempo.xml */,
				E96A8C0C24D77CAC00BDD06E /* Ocean-thermal.xml */,
				E96A8C0D24D77CAC00BDD06E /* Ocean-topo.xml */,
				E96A8C0E24D77CAC00BDD06E /* Ocean-turbid.xml */,
				E959983824E1EC8200C87F6D /* question.png */,
				E959983724E1EC8100C87F6D /* question@2x.png */,
				E96A8C1124D77CAC00BDD06E /* Wind-0-50.xml */,
				E9EF73A924C4BA5000E1A684 /* styles.css */,
			);
			path = vertigo;
			sourceTree = "<group>";
		};
/* End PBXGroup section */

/* Begin PBXLegacyTarget section */
		E93B71AD24AD2145001CDBC4 /* Vertigo */ = {
			isa = PBXLegacyTarget;
			buildArgumentsString = "$(ACTION)";
			buildConfigurationList = E93B71B024AD2145001CDBC4 /* Build configuration list for PBXLegacyTarget "Vertigo" */;
			buildPhases = (
			);
			buildToolPath = /opt/local/bin/ant;
			dependencies = (
			);
			name = Vertigo;
			passBuildSettingsInEnvironment = 1;
			productName = Vertigo;
		};
/* End PBXLegacyTarget section */

/* Begin PBXProject section */
		E93B71A924AD2145001CDBC4 /* Project object */ = {
			isa = PBXProject;
			attributes = {
				LastUpgradeCheck = 1150;
				ORGANIZATIONNAME = "National Oceanic and Atmospheric Administration";
				TargetAttributes = {
					E93B71AD24AD2145001CDBC4 = {
						CreatedOnToolsVersion = 11.5;
					};
				};
			};
			buildConfigurationList = E93B71AC24AD2145001CDBC4 /* Build configuration list for PBXProject "Vertigo" */;
			compatibilityVersion = "Xcode 9.3";
			developmentRegion = en;
			hasScannedForEncodings = 0;
			knownRegions = (
				en,
				Base,
			);
			mainGroup = E93B71A824AD2145001CDBC4;
			projectDirPath = "";
			projectRoot = "";
			targets = (
				E93B71AD24AD2145001CDBC4 /* Vertigo */,
			);
		};
/* End PBXProject section */

/* Begin XCBuildConfiguration section */
		E93B71AE24AD2145001CDBC4 /* Debug */ = {
			isa = XCBuildConfiguration;
			buildSettings = {
				ALWAYS_SEARCH_USER_PATHS = NO;
				CLANG_ANALYZER_NONNULL = YES;
				CLANG_ANALYZER_NUMBER_OBJECT_CONVERSION = YES_AGGRESSIVE;
				CLANG_CXX_LANGUAGE_STANDARD = "gnu++14";
				CLANG_CXX_LIBRARY = "libc++";
				CLANG_ENABLE_MODULES = YES;
				CLANG_ENABLE_OBJC_ARC = YES;
				CLANG_ENABLE_OBJC_WEAK = YES;
				CLANG_WARN_BLOCK_CAPTURE_AUTORELEASING = YES;
				CLANG_WARN_BOOL_CONVERSION = YES;
				CLANG_WARN_COMMA = YES;
				CLANG_WARN_CONSTANT_CONVERSION = YES;
				CLANG_WARN_DEPRECATED_OBJC_IMPLEMENTATIONS = YES;
				CLANG_WARN_DIRECT_OBJC_ISA_USAGE = YES_ERROR;
				CLANG_WARN_DOCUMENTATION_COMMENTS = YES;
				CLANG_WARN_EMPTY_BODY = YES;
				CLANG_WARN_ENUM_CONVERSION = YES;
				CLANG_WARN_INFINITE_RECURSION = YES;
				CLANG_WARN_INT_CONVERSION = YES;
				CLANG_WARN_NON_LITERAL_NULL_CONVERSION = YES;
				CLANG_WARN_OBJC_IMPLICIT_RETAIN_SELF = YES;
				CLANG_WARN_OBJC_LITERAL_CONVERSION = YES;
				CLANG_WARN_OBJC_ROOT_CLASS = YES_ERROR;
				CLANG_WARN_RANGE_LOOP_ANALYSIS = YES;
				CLANG_WARN_STRICT_PROTOTYPES = YES;
				CLANG_WARN_SUSPICIOUS_MOVE = YES;
				CLANG_WARN_UNGUARDED_AVAILABILITY = YES_AGGRESSIVE;
				CLANG_WARN_UNREACHABLE_CODE = YES;
				CLANG_WARN__DUPLICATE_METHOD_MATCH = YES;
				COPY_PHASE_STRIP = NO;
				DEBUG_INFORMATION_FORMAT = dwarf;
				ENABLE_STRICT_OBJC_MSGSEND = YES;
				ENABLE_TESTABILITY = YES;
				GCC_C_LANGUAGE_STANDARD = gnu11;
				GCC_DYNAMIC_NO_PIC = NO;
				GCC_NO_COMMON_BLOCKS = YES;
				GCC_OPTIMIZATION_LEVEL = 0;
				GCC_PREPROCESSOR_DEFINITIONS = (
					"DEBUG=1",
					"$(inherited)",
				);
				GCC_WARN_64_TO_32_BIT_CONVERSION = YES;
				GCC_WARN_ABOUT_RETURN_TYPE = YES_ERROR;
				GCC_WARN_UNDECLARED_SELECTOR = YES;
				GCC_WARN_UNINITIALIZED_AUTOS = YES_AGGRESSIVE;
				GCC_WARN_UNUSED_FUNCTION = YES;
				GCC_WARN_UNUSED_VARIABLE = YES;
				MTL_ENABLE_DEBUG_INFO = INCLUDE_SOURCE;
				MTL_FAST_MATH = YES;
				ONLY_ACTIVE_ARCH = YES;
			};
			name = Debug;
		};
		E93B71AF24AD2145001CDBC4 /* Release */ = {
			isa = XCBuildConfiguration;
			buildSettings = {
				ALWAYS_SEARCH_USER_PATHS = NO;
				CLANG_ANALYZER_NONNULL = YES;
				CLANG_ANALYZER_NUMBER_OBJECT_CONVERSION = YES_AGGRESSIVE;
				CLANG_CXX_LANGUAGE_STANDARD = "gnu++14";
				CLANG_CXX_LIBRARY = "libc++";
				CLANG_ENABLE_MODULES = YES;
				CLANG_ENABLE_OBJC_ARC = YES;
				CLANG_ENABLE_OBJC_WEAK = YES;
				CLANG_WARN_BLOCK_CAPTURE_AUTORELEASING = YES;
				CLANG_WARN_BOOL_CONVERSION = YES;
				CLANG_WARN_COMMA = YES;
				CLANG_WARN_CONSTANT_CONVERSION = YES;
				CLANG_WARN_DEPRECATED_OBJC_IMPLEMENTATIONS = YES;
				CLANG_WARN_DIRECT_OBJC_ISA_USAGE = YES_ERROR;
				CLANG_WARN_DOCUMENTATION_COMMENTS = YES;
				CLANG_WARN_EMPTY_BODY = YES;
				CLANG_WARN_ENUM_CONVERSION = YES;
				CLANG_WARN_INFINITE_RECURSION = YES;
				CLANG_WARN_INT_CONVERSION = YES;
				CLANG_WARN_NON_LITERAL_NULL_CONVERSION = YES;
				CLANG_WARN_OBJC_IMPLICIT_RETAIN_SELF = YES;
				CLANG_WARN_OBJC_LITERAL_CONVERSION = YES;
				CLANG_WARN_OBJC_ROOT_CLASS = YES_ERROR;
				CLANG_WARN_RANGE_LOOP_ANALYSIS = YES;
				CLANG_WARN_STRICT_PROTOTYPES = YES;
				CLANG_WARN_SUSPICIOUS_MOVE = YES;
				CLANG_WARN_UNGUARDED_AVAILABILITY = YES_AGGRESSIVE;
				CLANG_WARN_UNREACHABLE_CODE = YES;
				CLANG_WARN__DUPLICATE_METHOD_MATCH = YES;
				COPY_PHASE_STRIP = NO;
				DEBUG_INFORMATION_FORMAT = "dwarf-with-dsym";
				ENABLE_NS_ASSERTIONS = NO;
				ENABLE_STRICT_OBJC_MSGSEND = YES;
				GCC_C_LANGUAGE_STANDARD = gnu11;
				GCC_NO_COMMON_BLOCKS = YES;
				GCC_WARN_64_TO_32_BIT_CONVERSION = YES;
				GCC_WARN_ABOUT_RETURN_TYPE = YES_ERROR;
				GCC_WARN_UNDECLARED_SELECTOR = YES;
				GCC_WARN_UNINITIALIZED_AUTOS = YES_AGGRESSIVE;
				GCC_WARN_UNUSED_FUNCTION = YES;
				GCC_WARN_UNUSED_VARIABLE = YES;
				MTL_ENABLE_DEBUG_INFO = NO;
				MTL_FAST_MATH = YES;
			};
			name = Release;
		};
		E93B71B124AD2145001CDBC4 /* Debug */ = {
			isa = XCBuildConfiguration;
			buildSettings = {
				CODE_SIGN_STYLE = Automatic;
				DEBUGGING_SYMBOLS = YES;
				DEBUG_INFORMATION_FORMAT = dwarf;
				GCC_GENERATE_DEBUGGING_SYMBOLS = YES;
				GCC_OPTIMIZATION_LEVEL = 0;
				OTHER_CFLAGS = "";
				OTHER_LDFLAGS = "";
				PRODUCT_NAME = "$(TARGET_NAME)";
			};
			name = Debug;
		};
		E93B71B224AD2145001CDBC4 /* Release */ = {
			isa = XCBuildConfiguration;
			buildSettings = {
				CODE_SIGN_STYLE = Automatic;
				DEBUG_INFORMATION_FORMAT = "dwarf-with-dsym";
				OTHER_CFLAGS = "";
				OTHER_LDFLAGS = "";
				PRODUCT_NAME = "$(TARGET_NAME)";
			};
			name = Release;
		};
/* End XCBuildConfiguration section */

/* Begin XCConfigurationList section */
		E93B71AC24AD2145001CDBC4 /* Build configuration list for PBXProject "Vertigo" */ = {
			isa = XCConfigurationList;
			buildConfigurations = (
				E93B71AE24AD2145001CDBC4 /* Debug */,
				E93B71AF24AD2145001CDBC4 /* Release */,
			);
			defaultConfigurationIsVisible = 0;
			defaultConfigurationName = Release;
		};
		E93B71B024AD2145001CDBC4 /* Build configuration list for PBXLegacyTarget "Vertigo" */ = {
			isa = XCConfigurationList;
			buildConfigurations = (
				E93B71B124AD2145001CDBC4 /* Debug */,
				E93B71B224AD2145001CDBC4 /* Release */,
			);
			defaultConfigurationIsVisible = 0;
			defaultConfigurationName = Release;
		};
/* End XCConfigurationList section */
	};
	rootObject = E93B71A924AD2145001CDBC4 /* Project object */;
}
